
Microsoft Visual Studio Solution File, Format Version 12.00
# Visual Studio Version 17
VisualStudioVersion = 17.2.32526.322
MinimumVisualStudioVersion = 10.0.40219.1
Project("{FAE04EC0-301F-11D3-BF4B-00C04F79EFBC}") = "Catalog.API", "Catalog.API\Catalog.API.csproj", "{87D46226-B595-4439-9F5E-68B7A7E6BB09}"
EndProject
Global
	GlobalSection(SolutionConfigurationPlatforms) = preSolution
		Debug|Any CPU = Debug|Any CPU
		Release|Any CPU = Release|Any CPU
	EndGlobalSection
	GlobalSection(ProjectConfigurationPlatforms) = postSolution
		{87D46226-B595-4439-9F5E-68B7A7E6BB09}.Debug|Any CPU.ActiveCfg = Debug|Any CPU
		{87D46226-B595-4439-9F5E-68B7A7E6BB09}.Debug|Any CPU.Build.0 = Debug|Any CPU
		{87D46226-B595-4439-9F5E-68B7A7E6BB09}.Release|Any CPU.ActiveCfg = Release|Any CPU
		{87D46226-B595-4439-9F5E-68B7A7E6BB09}.Release|Any CPU.Build.0 = Release|Any CPU
	EndGlobalSection
	GlobalSection(SolutionProperties) = preSolution
		HideSolutionNode = FALSE
	EndGlobalSection
	GlobalSection(ExtensibilityGlobals) = postSolution
		SolutionGuid = {18399705-2A73-4C4B-8F06-002658AF3868}
	EndGlobalSection
EndGlobal
